{
  "name": "valorant-xmpp-log-experiments",
  "version": "1.0.0",
  "lockfileVersion": 3,
  "requires": true,
  "packages": {
    "": {
      "name": "valorant-xmpp-log-experiments",
      "version": "1.0.0",
      "license": "ISC",
      "dependencies": {
        "fast-xml-parser": "^4.3.6",
        "progress": "^2.0.3"
      },
      "devDependencies": {
        "@types/node": "^20.12.2",
        "@types/progress": "^2.0.7",
        "typescript": "^5.4.3"
      }
    },
    "node_modules/@types/node": {
      "version": "20.12.2",
      "resolved": "https://registry.npmjs.org/@types/node/-/node-20.12.2.tgz",
      "integrity": "sha512-zQ0NYO87hyN6Xrclcqp7f8ZbXNbRfoGWNcMvHTPQp9UUrwI0mI7XBz+cu7/W6/VClYo2g63B0cjull/srU7LgQ==",
      "dev": true,
      "dependencies": {
        "undici-types": "~5.26.4"
      }
    },
    "node_modules/@types/progress": {
      "version": "2.0.7",
      "resolved": "https://registry.npmjs.org/@types/progress/-/progress-2.0.7.tgz",
      "integrity": "sha512-iadjw02vte8qWx7U0YM++EybBha2CQLPGu9iJ97whVgJUT5Zq9MjAPYUnbfRI2Kpehimf1QjFJYxD0t8nqzu5w==",
      "dev": true,
      "dependencies": {
        "@types/node": "*"
      }
    },
    "node_modules/fast-xml-parser": {
      "version": "4.3.6",
      "resolved": "https://registry.npmjs.org/fast-xml-parser/-/fast-xml-parser-4.3.6.tgz",
      "integrity": "sha512-M2SovcRxD4+vC493Uc2GZVcZaj66CCJhWurC4viynVSTvrpErCShNcDz1lAho6n9REQKvL/ll4A4/fw6Y9z8nw==",
      "funding": [
        {
          "type": "github",
          "url": "https://github.com/sponsors/NaturalIntelligence"
        },
        {
          "type": "paypal",
          "url": "https://paypal.me/naturalintelligence"
        }
      ],
      "dependencies": {
        "strnum": "^1.0.5"
      },
      "bin": {
        "fxparser": "src/cli/cli.js"
      }
    },
    "node_modules/progress": {
      "version": "2.0.3",
      "resolved": "https://registry.npmjs.org/progress/-/progress-2.0.3.tgz",
      "integrity": "sha512-7PiHtLll5LdnKIMw100I+8xJXR5gW2QwWYkT6iJva0bXitZKa/XMrSbdmg3r2Xnaidz9Qumd0VPaMrZlF9V9sA==",
      "engines": {
        "node": ">=0.4.0"
      }
    },
    "node_modules/strnum": {
      "version": "1.0.5",
      "resolved": "https://registry.npmjs.org/strnum/-/strnum-1.0.5.tgz",
      "integrity": "sha512-J8bbNyKKXl5qYcR36TIO8W3mVGVHrmmxsd5PAItGkmyzwJvybiw2IVq5nqd0i4LSNSkB/sx9VHllbfFdr9k1JA=="
    },
    "node_modules/typescript": {
      "version": "5.4.3",
      "resolved": "https://registry.npmjs.org/typescript/-/typescript-5.4.3.tgz",
      "integrity": "sha512-KrPd3PKaCLr78MalgiwJnA25Nm8HAmdwN3mYUYZgG/wizIo9EainNVQI9/yDavtVFRN2h3k8uf3GLHuhDMgEHg==",
      "dev": true,
      "bin": {
        "tsc": "bin/tsc",
        "tsserver": "bin/tsserver"
      },
      "engines": {
        "node": ">=14.17"
      }
    },
    "node_modules/undici-types": {
      "version": "5.26.5",
      "resolved": "https://registry.npmjs.org/undici-types/-/undici-types-5.26.5.tgz",
      "integrity": "sha512-JlCMO+ehdEIKqlFxk6IfVoAUVmgz7cU7zD/h9XZ0qzeosSHmUJVOzSQvvYSYWXkFXC+IfLKSIffhv0sVZup6pA==",
      "dev": true
    }
  }
}
